version = 1
revision = 3
requires-python = ">=3.12"

[[package]]
name = "doc-language-identification"
version = "0.1.0"
source = { virtual = "." }
dependencies = [
    { name = "pypdf" },
]

[package.metadata]
requires-dist = [{ name = "pypdf", specifier = ">=6.10.0" }]

[[package]]
name = "pypdf"
version = "6.10.0"
source = { registry = "https://pypi.org/simple" }
sdist = { url = "https://files.pythonhosted.org/packages/b8/9f/ca96abf18683ca12602065e4ed2bec9050b672c87d317f1079abc7b6d993/pypdf-6.10.0.tar.gz", hash = "sha256:4c5a48ba258c37024ec2505f7e8fd858525f5502784a2e1c8d415604af29f6ef", size = 5314833, upload-time = "2026-04-10T09:34:57.102Z" }
wheels = [
    { url = "https://files.pythonhosted.org/packages/55/f2/7ebe366f633f30a6ad105f650f44f24f98cb1335c4157d21ae47138b3482/pypdf-6.10.0-py3-none-any.whl", hash = "sha256:90005e959e1596c6e6c84c8b0ad383285b3e17011751cedd17f2ce8fcdfc86de", size = 334459, upload-time = "2026-04-10T09:34:54.966Z" },
]
